// !$*UTF8*$!
{
	archiveVersion = 1;
	classes = {
	};
	objectVersion = 55;
	objects = {

/* Begin PBXBuildFile section */
		45790AC0A26EF71A1D70420E /* Pods_CryptoWatcher.framework in Frameworks */ = {isa = PBXBuildFile; fileRef = 288702E0A5C20A09E1B1A12E /* Pods_CryptoWatcher.framework */; };
		BFD8431B27BC597D00422205 /* AppDelegate.swift in Sources */ = {isa = PBXBuildFile; fileRef = BFD8431A27BC597D00422205 /* AppDelegate.swift */; };
		BFD8431D27BC597D00422205 /* SceneDelegate.swift in Sources */ = {isa = PBXBuildFile; fileRef = BFD8431C27BC597D00422205 /* SceneDelegate.swift */; };
		BFD8432427BC597E00422205 /* Assets.xcassets in Resources */ = {isa = PBXBuildFile; fileRef = BFD8432327BC597E00422205 /* Assets.xcassets */; };
		BFD8432727BC597E00422205 /* LaunchScreen.storyboard in Resources */ = {isa = PBXBuildFile; fileRef = BFD8432527BC597E00422205 /* LaunchScreen.storyboard */; };
		BFD8432F27BC5D2C00422205 /* CryptoTableViewController.swift in Sources */ = {isa = PBXBuildFile; fileRef = BFD8432E27BC5D2C00422205 /* CryptoTableViewController.swift */; };
		BFD8433627BC5F0600422205 /* CryptoInfoTableViewCell.swift in Sources */ = {isa = PBXBuildFile; fileRef = BFD8433527BC5F0600422205 /* CryptoInfoTableViewCell.swift */; };
		BFD8433927BC661D00422205 /* APIManager.swift in Sources */ = {isa = PBXBuildFile; fileRef = BFD8433827BC661D00422205 /* APIManager.swift */; };
		BFD8433B27BC665A00422205 /* CoinServerModel.swift in Sources */ = {isa = PBXBuildFile; fileRef = BFD8433A27BC665A00422205 /* CoinServerModel.swift */; };
		BFD8433D27BD15DC00422205 /* CoinClientModel.swift in Sources */ = {isa = PBXBuildFile; fileRef = BFD8433C27BD15DC00422205 /* CoinClientModel.swift */; };
		BFD8433F27BD161D00422205 /* ModelConverter.swift in Sources */ = {isa = PBXBuildFile; fileRef = BFD8433E27BD161D00422205 /* ModelConverter.swift */; };
/* End PBXBuildFile section */

/* Begin PBXFileReference section */
		288702E0A5C20A09E1B1A12E /* Pods_CryptoWatcher.framework */ = {isa = PBXFileReference; explicitFileType = wrapper.framework; includeInIndex = 0; path = Pods_CryptoWatcher.framework; sourceTree = BUILT_PRODUCTS_DIR; };
		2A21657860ECB36845F252D6 /* Pods-CryptoWatcher.debug.xcconfig */ = {isa = PBXFileReference; includeInIndex = 1; lastKnownFileType = text.xcconfig; name = "Pods-CryptoWatcher.debug.xcconfig"; path = "Target Support Files/Pods-CryptoWatcher/Pods-CryptoWatcher.debug.xcconfig"; sourceTree = "<group>"; };
		BFD8431727BC597D00422205 /* CryptoWatcher.app */ = {isa = PBXFileReference; explicitFileType = wrapper.application; includeInIndex = 0; path = CryptoWatcher.app; sourceTree = BUILT_PRODUCTS_DIR; };
		BFD8431A27BC597D00422205 /* AppDelegate.swift */ = {isa = PBXFileReference; lastKnownFileType = sourcecode.swift; path = AppDelegate.swift; sourceTree = "<group>"; };
		BFD8431C27BC597D00422205 /* SceneDelegate.swift */ = {isa = PBXFileReference; lastKnownFileType = sourcecode.swift; path = SceneDelegate.swift; sourceTree = "<group>"; };
		BFD8432327BC597E00422205 /* Assets.xcassets */ = {isa = PBXFileReference; lastKnownFileType = folder.assetcatalog; path = Assets.xcassets; sourceTree = "<group>"; };
		BFD8432627BC597E00422205 /* Base */ = {isa = PBXFileReference; lastKnownFileType = file.storyboard; name = Base; path = Base.lproj/LaunchScreen.storyboard; sourceTree = "<group>"; };
		BFD8432827BC597E00422205 /* Info.plist */ = {isa = PBXFileReference; lastKnownFileType = text.plist.xml; path = Info.plist; sourceTree = "<group>"; };
		BFD8432E27BC5D2C00422205 /* CryptoTableViewController.swift */ = {isa = PBXFileReference; lastKnownFileType = sourcecode.swift; path = CryptoTableViewController.swift; sourceTree = "<group>"; };
		BFD8433527BC5F0600422205 /* CryptoInfoTableViewCell.swift */ = {isa = PBXFileReference; lastKnownFileType = sourcecode.swift; path = CryptoInfoTableViewCell.swift; sourceTree = "<group>"; };
		BFD8433827BC661D00422205 /* APIManager.swift */ = {isa = PBXFileReference; lastKnownFileType = sourcecode.swift; path = APIManager.swift; sourceTree = "<group>"; };
		BFD8433A27BC665A00422205 /* CoinServerModel.swift */ = {isa = PBXFileReference; lastKnownFileType = sourcecode.swift; path = CoinServerModel.swift; sourceTree = "<group>"; };
		BFD8433C27BD15DC00422205 /* CoinClientModel.swift */ = {isa = PBXFileReference; lastKnownFileType = sourcecode.swift; path = CoinClientModel.swift; sourceTree = "<group>"; };
		BFD8433E27BD161D00422205 /* ModelConverter.swift */ = {isa = PBXFileReference; lastKnownFileType = sourcecode.swift; path = ModelConverter.swift; sourceTree = "<group>"; };
		FCE9144427702E1A71B6B2FF /* Pods-CryptoWatcher.release.xcconfig */ = {isa = PBXFileReference; includeInIndex = 1; lastKnownFileType = text.xcconfig; name = "Pods-CryptoWatcher.release.xcconfig"; path = "Target Support Files/Pods-CryptoWatcher/Pods-CryptoWatcher.release.xcconfig"; sourceTree = "<group>"; };
/* End PBXFileReference section */

/* Begin PBXFrameworksBuildPhase section */
		BFD8431427BC597D00422205 /* Frameworks */ = {
			isa = PBXFrameworksBuildPhase;
			buildActionMask = 2147483647;
			files = (
				45790AC0A26EF71A1D70420E /* Pods_CryptoWatcher.framework in Frameworks */,
			);
			runOnlyForDeploymentPostprocessing = 0;
		};
/* End PBXFrameworksBuildPhase section */

/* Begin PBXGroup section */
		34FE20F408FE3C920CE83215 /* Frameworks */ = {
			isa = PBXGroup;
			children = (
				288702E0A5C20A09E1B1A12E /* Pods_CryptoWatcher.framework */,
			);
			name = Frameworks;
			sourceTree = "<group>";
		};
		B2EC3AB97B8E29374B019CE6 /* Pods */ = {
			isa = PBXGroup;
			children = (
				2A21657860ECB36845F252D6 /* Pods-CryptoWatcher.debug.xcconfig */,
				FCE9144427702E1A71B6B2FF /* Pods-CryptoWatcher.release.xcconfig */,
			);
			path = Pods;
			sourceTree = "<group>";
		};
		BFD8430E27BC597D00422205 = {
			isa = PBXGroup;
			children = (
				BFD8431927BC597D00422205 /* CryptoWatcher */,
				BFD8431827BC597D00422205 /* Products */,
				B2EC3AB97B8E29374B019CE6 /* Pods */,
				34FE20F408FE3C920CE83215 /* Frameworks */,
			);
			sourceTree = "<group>";
		};
		BFD8431827BC597D00422205 /* Products */ = {
			isa = PBXGroup;
			children = (
				BFD8431727BC597D00422205 /* CryptoWatcher.app */,
			);
			name = Products;
			sourceTree = "<group>";
		};
		BFD8431927BC597D00422205 /* CryptoWatcher */ = {
			isa = PBXGroup;
			children = (
				BFD8433727BC661200422205 /* API */,
				BFD8433227BC5EC000422205 /* Models */,
				BFD8433127BC5EB800422205 /* Views */,
				BFD8433027BC5EAA00422205 /* Controllers */,
				BFD8431A27BC597D00422205 /* AppDelegate.swift */,
				BFD8431C27BC597D00422205 /* SceneDelegate.swift */,
				BFD8432327BC597E00422205 /* Assets.xcassets */,
				BFD8432827BC597E00422205 /* Info.plist */,
			);
			path = CryptoWatcher;
			sourceTree = "<group>";
		};
		BFD8433027BC5EAA00422205 /* Controllers */ = {
			isa = PBXGroup;
			children = (
				BFD8432E27BC5D2C00422205 /* CryptoTableViewController.swift */,
			);
			path = Controllers;
			sourceTree = "<group>";
		};
		BFD8433127BC5EB800422205 /* Views */ = {
			isa = PBXGroup;
			children = (
				BFD8432527BC597E00422205 /* LaunchScreen.storyboard */,
				BFD8433527BC5F0600422205 /* CryptoInfoTableViewCell.swift */,
			);
			path = Views;
			sourceTree = "<group>";
		};
		BFD8433227BC5EC000422205 /* Models */ = {
			isa = PBXGroup;
			children = (
				BFD8433A27BC665A00422205 /* CoinServerModel.swift */,
				BFD8433C27BD15DC00422205 /* CoinClientModel.swift */,
				BFD8433E27BD161D00422205 /* ModelConverter.swift */,
			);
			path = Models;
			sourceTree = "<group>";
		};
		BFD8433727BC661200422205 /* API */ = {
			isa = PBXGroup;
			children = (
				BFD8433827BC661D00422205 /* APIManager.swift */,
			);
			path = API;
			sourceTree = "<group>";
		};
/* End PBXGroup section */

/* Begin PBXNativeTarget section */
		BFD8431627BC597D00422205 /* CryptoWatcher */ = {
			isa = PBXNativeTarget;
			buildConfigurationList = BFD8432B27BC597E00422205 /* Build configuration list for PBXNativeTarget "CryptoWatcher" */;
			buildPhases = (
				27D6F8D6C360675DC343A46F /* [CP] Check Pods Manifest.lock */,
				BFD8431327BC597D00422205 /* Sources */,
				BFD8431427BC597D00422205 /* Frameworks */,
				BFD8431527BC597D00422205 /* Resources */,
				081215ADCFC5A335604FB2E3 /* [CP] Embed Pods Frameworks */,
			);
			buildRules = (
			);
			dependencies = (
			);
			name = CryptoWatcher;
			productName = CryptoWatcher;
			productReference = BFD8431727BC597D00422205 /* CryptoWatcher.app */;
			productType = "com.apple.product-type.application";
		};
/* End PBXNativeTarget section */

/* Begin PBXProject section */
		BFD8430F27BC597D00422205 /* Project object */ = {
			isa = PBXProject;
			attributes = {
				BuildIndependentTargetsInParallel = 1;
				LastSwiftUpdateCheck = 1320;
				LastUpgradeCheck = 1320;
				TargetAttributes = {
					BFD8431627BC597D00422205 = {
						CreatedOnToolsVersion = 13.2.1;
					};
				};
			};
			buildConfigurationList = BFD8431227BC597D00422205 /* Build configuration list for PBXProject "CryptoWatcher" */;
			compatibilityVersion = "Xcode 13.0";
			developmentRegion = en;
			hasScannedForEncodings = 0;
			knownRegions = (
				en,
				Base,
			);
			mainGroup = BFD8430E27BC597D00422205;
			productRefGroup = BFD8431827BC597D00422205 /* Products */;
			projectDirPath = "";
			projectRoot = "";
			targets = (
				BFD8431627BC597D00422205 /* CryptoWatcher */,
			);
		};
/* End PBXProject section */

/* Begin PBXResourcesBuildPhase section */
		BFD8431527BC597D00422205 /* Resources */ = {
			isa = PBXResourcesBuildPhase;
			buildActionMask = 2147483647;
			files = (
				BFD8432727BC597E00422205 /* LaunchScreen.storyboard in Resources */,
				BFD8432427BC597E00422205 /* Assets.xcassets in Resources */,
			);
			runOnlyForDeploymentPostprocessing = 0;
		};
/* End PBXResourcesBuildPhase section */

/* Begin PBXShellScriptBuildPhase section */
		081215ADCFC5A335604FB2E3 /* [CP] Embed Pods Frameworks */ = {
			isa = PBXShellScriptBuildPhase;
			buildActionMask = 2147483647;
			files = (
			);
			inputFileListPaths = (
				"${PODS_ROOT}/Target Support Files/Pods-CryptoWatcher/Pods-CryptoWatcher-frameworks-${CONFIGURATION}-input-files.xcfilelist",
			);
			name = "[CP] Embed Pods Frameworks";
			outputFileListPaths = (
				"${PODS_ROOT}/Target Support Files/Pods-CryptoWatcher/Pods-CryptoWatcher-frameworks-${CONFIGURATION}-output-files.xcfilelist",
			);
			runOnlyForDeploymentPostprocessing = 0;
			shellPath = /bin/sh;
			shellScript = "\"${PODS_ROOT}/Target Support Files/Pods-CryptoWatcher/Pods-CryptoWatcher-frameworks.sh\"\n";
			showEnvVarsInLog = 0;
		};
		27D6F8D6C360675DC343A46F /* [CP] Check Pods Manifest.lock */ = {
			isa = PBXShellScriptBuildPhase;
			buildActionMask = 2147483647;
			files = (
			);
			inputFileListPaths = (
			);
			inputPaths = (
				"${PODS_PODFILE_DIR_PATH}/Podfile.lock",
				"${PODS_ROOT}/Manifest.lock",
			);
			name = "[CP] Check Pods Manifest.lock";
			outputFileListPaths = (
			);
			outputPaths = (
				"$(DERIVED_FILE_DIR)/Pods-CryptoWatcher-checkManifestLockResult.txt",
			);
			runOnlyForDeploymentPostprocessing = 0;
			shellPath = /bin/sh;
			shellScript = "diff \"${PODS_PODFILE_DIR_PATH}/Podfile.lock\" \"${PODS_ROOT}/Manifest.lock\" > /dev/null\nif [ $? != 0 ] ; then\n    # print error to STDERR\n    echo \"error: The sandbox is not in sync with the Podfile.lock. Run 'pod install' or update your CocoaPods installation.\" >&2\n    exit 1\nfi\n# This output is used by Xcode 'outputs' to avoid re-running this script phase.\necho \"SUCCESS\" > \"${SCRIPT_OUTPUT_FILE_0}\"\n";
			showEnvVarsInLog = 0;
		};
/* End PBXShellScriptBuildPhase section */

/* Begin PBXSourcesBuildPhase section */
		BFD8431327BC597D00422205 /* Sources */ = {
			isa = PBXSourcesBuildPhase;
			buildActionMask = 2147483647;
			files = (
				BFD8433F27BD161D00422205 /* ModelConverter.swift in Sources */,
				BFD8433B27BC665A00422205 /* CoinServerModel.swift in Sources */,
				BFD8433D27BD15DC00422205 /* CoinClientModel.swift in Sources */,
				BFD8433627BC5F0600422205 /* CryptoInfoTableViewCell.swift in Sources */,
				BFD8432F27BC5D2C00422205 /* CryptoTableViewController.swift in Sources */,
				BFD8433927BC661D00422205 /* APIManager.swift in Sources */,
				BFD8431B27BC597D00422205 /* AppDelegate.swift in Sources */,
				BFD8431D27BC597D00422205 /* SceneDelegate.swift in Sources */,
			);
			runOnlyForDeploymentPostprocessing = 0;
		};
/* End PBXSourcesBuildPhase section */

/* Begin PBXVariantGroup section */
		BFD8432527BC597E00422205 /* LaunchScreen.storyboard */ = {
			isa = PBXVariantGroup;
			children = (
				BFD8432627BC597E00422205 /* Base */,
			);
			name = LaunchScreen.storyboard;
			sourceTree = "<group>";
		};
/* End PBXVariantGroup section */

/* Begin XCBuildConfiguration section */
		BFD8432927BC597E00422205 /* Debug */ = {
			isa = XCBuildConfiguration;
			buildSettings = {
				ALWAYS_SEARCH_USER_PATHS = NO;
				CLANG_ANALYZER_NONNULL = YES;
				CLANG_ANALYZER_NUMBER_OBJECT_CONVERSION = YES_AGGRESSIVE;
				CLANG_CXX_LANGUAGE_STANDARD = "gnu++17";
				CLANG_CXX_LIBRARY = "libc++";
				CLANG_ENABLE_MODULES = YES;
				CLANG_ENABLE_OBJC_ARC = YES;
				CLANG_ENABLE_OBJC_WEAK = YES;
				CLANG_WARN_BLOCK_CAPTURE_AUTORELEASING = YES;
				CLANG_WARN_BOOL_CONVERSION = YES;
				CLANG_WARN_COMMA = YES;
				CLANG_WARN_CONSTANT_CONVERSION = YES;
				CLANG_WARN_DEPRECATED_OBJC_IMPLEMENTATIONS = YES;
				CLANG_WARN_DIRECT_OBJC_ISA_USAGE = YES_ERROR;
				CLANG_WARN_DOCUMENTATION_COMMENTS = YES;
				CLANG_WARN_EMPTY_BODY = YES;
				CLANG_WARN_ENUM_CONVERSION = YES;
				CLANG_WARN_INFINITE_RECURSION = YES;
				CLANG_WARN_INT_CONVERSION = YES;
				CLANG_WARN_NON_LITERAL_NULL_CONVERSION = YES;
				CLANG_WARN_OBJC_IMPLICIT_RETAIN_SELF = YES;
				CLANG_WARN_OBJC_LITERAL_CONVERSION = YES;
				CLANG_WARN_OBJC_ROOT_CLASS = YES_ERROR;
				CLANG_WARN_QUOTED_INCLUDE_IN_FRAMEWORK_HEADER = YES;
				CLANG_WARN_RANGE_LOOP_ANALYSIS = YES;
				CLANG_WARN_STRICT_PROTOTYPES = YES;
				CLANG_WARN_SUSPICIOUS_MOVE = YES;
				CLANG_WARN_UNGUARDED_AVAILABILITY = YES_AGGRESSIVE;
				CLANG_WARN_UNREACHABLE_CODE = YES;
				CLANG_WARN__DUPLICATE_METHOD_MATCH = YES;
				COPY_PHASE_STRIP = NO;
				DEBUG_INFORMATION_FORMAT = dwarf;
				ENABLE_STRICT_OBJC_MSGSEND = YES;
				ENABLE_TESTABILITY = YES;
				GCC_C_LANGUAGE_STANDARD = gnu11;
				GCC_DYNAMIC_NO_PIC = NO;
				GCC_NO_COMMON_BLOCKS = YES;
				GCC_OPTIMIZATION_LEVEL = 0;
				GCC_PREPROCESSOR_DEFINITIONS = (
					"DEBUG=1",
					"$(inherited)",
				);
				GCC_WARN_64_TO_32_BIT_CONVERSION = YES;
				GCC_WARN_ABOUT_RETURN_TYPE = YES_ERROR;
				GCC_WARN_UNDECLARED_SELECTOR = YES;
				GCC_WARN_UNINITIALIZED_AUTOS = YES_AGGRESSIVE;
				GCC_WARN_UNUSED_FUNCTION = YES;
				GCC_WARN_UNUSED_VARIABLE = YES;
				IPHONEOS_DEPLOYMENT_TARGET = 15.2;
				MTL_ENABLE_DEBUG_INFO = INCLUDE_SOURCE;
				MTL_FAST_MATH = YES;
				ONLY_ACTIVE_ARCH = YES;
				SDKROOT = iphoneos;
				SWIFT_ACTIVE_COMPILATION_CONDITIONS = DEBUG;
				SWIFT_OPTIMIZATION_LEVEL = "-Onone";
			};
			name = Debug;
		};
		BFD8432A27BC597E00422205 /* Release */ = {
			isa = XCBuildConfiguration;
			buildSettings = {
				ALWAYS_SEARCH_USER_PATHS = NO;
				CLANG_ANALYZER_NONNULL = YES;
				CLANG_ANALYZER_NUMBER_OBJECT_CONVERSION = YES_AGGRESSIVE;
				CLANG_CXX_LANGUAGE_STANDARD = "gnu++17";
				CLANG_CXX_LIBRARY = "libc++";
				CLANG_ENABLE_MODULES = YES;
				CLANG_ENABLE_OBJC_ARC = YES;
				CLANG_ENABLE_OBJC_WEAK = YES;
				CLANG_WARN_BLOCK_CAPTURE_AUTORELEASING = YES;
				CLANG_WARN_BOOL_CONVERSION = YES;
				CLANG_WARN_COMMA = YES;
				CLANG_WARN_CONSTANT_CONVERSION = YES;
				CLANG_WARN_DEPRECATED_OBJC_IMPLEMENTATIONS = YES;
				CLANG_WARN_DIRECT_OBJC_ISA_USAGE = YES_ERROR;
				CLANG_WARN_DOCUMENTATION_COMMENTS = YES;
				CLANG_WARN_EMPTY_BODY = YES;
				CLANG_WARN_ENUM_CONVERSION = YES;
				CLANG_WARN_INFINITE_RECURSION = YES;
				CLANG_WARN_INT_CONVERSION = YES;
				CLANG_WARN_NON_LITERAL_NULL_CONVERSION = YES;
				CLANG_WARN_OBJC_IMPLICIT_RETAIN_SELF = YES;
				CLANG_WARN_OBJC_LITERAL_CONVERSION = YES;
				CLANG_WARN_OBJC_ROOT_CLASS = YES_ERROR;
				CLANG_WARN_QUOTED_INCLUDE_IN_FRAMEWORK_HEADER = YES;
				CLANG_WARN_RANGE_LOOP_ANALYSIS = YES;
				CLANG_WARN_STRICT_PROTOTYPES = YES;
				CLANG_WARN_SUSPICIOUS_MOVE = YES;
				CLANG_WARN_UNGUARDED_AVAILABILITY = YES_AGGRESSIVE;
				CLANG_WARN_UNREACHABLE_CODE = YES;
				CLANG_WARN__DUPLICATE_METHOD_MATCH = YES;
				COPY_PHASE_STRIP = NO;
				DEBUG_INFORMATION_FORMAT = "dwarf-with-dsym";
				ENABLE_NS_ASSERTIONS = NO;
				ENABLE_STRICT_OBJC_MSGSEND = YES;
				GCC_C_LANGUAGE_STANDARD = gnu11;
				GCC_NO_COMMON_BLOCKS = YES;
				GCC_WARN_64_TO_32_BIT_CONVERSION = YES;
				GCC_WARN_ABOUT_RETURN_TYPE = YES_ERROR;
				GCC_WARN_UNDECLARED_SELECTOR = YES;
				GCC_WARN_UNINITIALIZED_AUTOS = YES_AGGRESSIVE;
				GCC_WARN_UNUSED_FUNCTION = YES;
				GCC_WARN_UNUSED_VARIABLE = YES;
				IPHONEOS_DEPLOYMENT_TARGET = 15.2;
				MTL_ENABLE_DEBUG_INFO = NO;
				MTL_FAST_MATH = YES;
				SDKROOT = iphoneos;
				SWIFT_COMPILATION_MODE = wholemodule;
				SWIFT_OPTIMIZATION_LEVEL = "-O";
				VALIDATE_PRODUCT = YES;
			};
			name = Release;
		};
		BFD8432C27BC597E00422205 /* Debug */ = {
			isa = XCBuildConfiguration;
			baseConfigurationReference = 2A21657860ECB36845F252D6 /* Pods-CryptoWatcher.debug.xcconfig */;
			buildSettings = {
				ASSETCATALOG_COMPILER_APPICON_NAME = AppIcon;
				ASSETCATALOG_COMPILER_GLOBAL_ACCENT_COLOR_NAME = AccentColor;
				CODE_SIGN_STYLE = Automatic;
				CURRENT_PROJECT_VERSION = 1;
				GENERATE_INFOPLIST_FILE = YES;
				INFOPLIST_FILE = CryptoWatcher/Info.plist;
				INFOPLIST_KEY_UIApplicationSupportsIndirectInputEvents = YES;
				INFOPLIST_KEY_UILaunchStoryboardName = LaunchScreen;
				INFOPLIST_KEY_UISupportedInterfaceOrientations_iPad = "UIInterfaceOrientationPortrait UIInterfaceOrientationPortraitUpsideDown UIInterfaceOrientationLandscapeLeft UIInterfaceOrientationLandscapeRight";
				INFOPLIST_KEY_UISupportedInterfaceOrientations_iPhone = "UIInterfaceOrientationPortrait UIInterfaceOrientationLandscapeLeft UIInterfaceOrientationLandscapeRight";
				LD_RUNPATH_SEARCH_PATHS = (
					"$(inherited)",
					"@executable_path/Frameworks",
				);
				MARKETING_VERSION = 1.0;
				PRODUCT_BUNDLE_IDENTIFIER = com.google.CryptoWatcher;
				PRODUCT_NAME = "$(TARGET_NAME)";
				SWIFT_EMIT_LOC_STRINGS = YES;
				SWIFT_VERSION = 5.0;
				TARGETED_DEVICE_FAMILY = "1,2";
			};
			name = Debug;
		};
		BFD8432D27BC597E00422205 /* Release */ = {
			isa = XCBuildConfiguration;
			baseConfigurationReference = FCE9144427702E1A71B6B2FF /* Pods-CryptoWatcher.release.xcconfig */;
			buildSettings = {
				ASSETCATALOG_COMPILER_APPICON_NAME = AppIcon;
				ASSETCATALOG_COMPILER_GLOBAL_ACCENT_COLOR_NAME = AccentColor;
				CODE_SIGN_STYLE = Automatic;
				CURRENT_PROJECT_VERSION = 1;
				GENERATE_INFOPLIST_FILE = YES;
				INFOPLIST_FILE = CryptoWatcher/Info.plist;
				INFOPLIST_KEY_UIApplicationSupportsIndirectInputEvents = YES;
				INFOPLIST_KEY_UILaunchStoryboardName = LaunchScreen;
				INFOPLIST_KEY_UISupportedInterfaceOrientations_iPad = "UIInterfaceOrientationPortrait UIInterfaceOrientationPortraitUpsideDown UIInterfaceOrientationLandscapeLeft UIInterfaceOrientationLandscapeRight";
				INFOPLIST_KEY_UISupportedInterfaceOrientations_iPhone = "UIInterfaceOrientationPortrait UIInterfaceOrientationLandscapeLeft UIInterfaceOrientationLandscapeRight";
				LD_RUNPATH_SEARCH_PATHS = (
					"$(inherited)",
					"@executable_path/Frameworks",
				);
				MARKETING_VERSION = 1.0;
				PRODUCT_BUNDLE_IDENTIFIER = com.google.CryptoWatcher;
				PRODUCT_NAME = "$(TARGET_NAME)";
				SWIFT_EMIT_LOC_STRINGS = YES;
				SWIFT_VERSION = 5.0;
				TARGETED_DEVICE_FAMILY = "1,2";
			};
			name = Release;
		};
/* End XCBuildConfiguration section */

/* Begin XCConfigurationList section */
		BFD8431227BC597D00422205 /* Build configuration list for PBXProject "CryptoWatcher" */ = {
			isa = XCConfigurationList;
			buildConfigurations = (
				BFD8432927BC597E00422205 /* Debug */,
				BFD8432A27BC597E00422205 /* Release */,
			);
			defaultConfigurationIsVisible = 0;
			defaultConfigurationName = Release;
		};
		BFD8432B27BC597E00422205 /* Build configuration list for PBXNativeTarget "CryptoWatcher" */ = {
			isa = XCConfigurationList;
			buildConfigurations = (
				BFD8432C27BC597E00422205 /* Debug */,
				BFD8432D27BC597E00422205 /* Release */,
			);
			defaultConfigurationIsVisible = 0;
			defaultConfigurationName = Release;
		};
/* End XCConfigurationList section */
	};
	rootObject = BFD8430F27BC597D00422205 /* Project object */;
}
